
Microsoft Visual Studio Solution File, Format Version 12.00
# Visual Studio Version 17
VisualStudioVersion = 17.8.34330.188
MinimumVisualStudioVersion = 10.0.40219.1
Project("{9A19103F-16F7-4668-BE54-9A1E7A4F7556}") = "Expendiary", "Expendiary.csproj", "{D8269B04-22FA-464B-A430-863ECBB6E226}"
EndProject
Global
	GlobalSection(SolutionConfigurationPlatforms) = preSolution
		Debug|Any CPU = Debug|Any CPU
		Release|Any CPU = Release|Any CPU
	EndGlobalSection
	GlobalSection(ProjectConfigurationPlatforms) = postSolution
		{D8269B04-22FA-464B-A430-863ECBB6E226}.Debug|Any CPU.ActiveCfg = Debug|Any CPU
		{D8269B04-22FA-464B-A430-863ECBB6E226}.Debug|Any CPU.Build.0 = Debug|Any CPU
		{D8269B04-22FA-464B-A430-863ECBB6E226}.Release|Any CPU.ActiveCfg = Release|Any CPU
		{D8269B04-22FA-464B-A430-863ECBB6E226}.Release|Any CPU.Build.0 = Release|Any CPU
	EndGlobalSection
	GlobalSection(SolutionProperties) = preSolution
		HideSolutionNode = FALSE
	EndGlobalSection
	GlobalSection(ExtensibilityGlobals) = postSolution
		SolutionGuid = {A61411CF-ABDC-41F7-93A4-2500DD517BCA}
	EndGlobalSection
EndGlobal
